
Microsoft Visual Studio Solution File, Format Version 12.00
# Visual Studio Version 17
VisualStudioVersion = 17.1.32414.318
MinimumVisualStudioVersion = 10.0.40219.1
Project("{8BC9CEB8-8B4A-11D0-8D11-00A0C91BC942}") = "zadanie ze slacka", "zadania domowe\zadania domowe.vcxproj", "{69355EEB-B865-4AD5-AF47-89E007ED0828}"
EndProject
Project("{8BC9CEB8-8B4A-11D0-8D11-00A0C91BC942}") = "zad_1", "zad_1\zad_1.vcxproj", "{4020D8CE-2AD5-418B-828A-9961CBCA1952}"
EndProject
Project("{8BC9CEB8-8B4A-11D0-8D11-00A0C91BC942}") = "zad_2", "zad_2\zad_2.vcxproj", "{7D95C968-1841-43D7-AEC0-261C308F7842}"
EndProject
Project("{8BC9CEB8-8B4A-11D0-8D11-00A0C91BC942}") = "zad_3 - nie wiem jak", "zad_3\zad_3.vcxproj", "{BFD62AA3-4A62-4789-AD43-D1FADC01EEE5}"
EndProject
Project("{8BC9CEB8-8B4A-11D0-8D11-00A0C91BC942}") = "Zad_4", "Zad_4\Zad_4.vcxproj", "{6EE3D221-7D8E-480C-A7EA-5E3051268E6D}"
EndProject
Project("{8BC9CEB8-8B4A-11D0-8D11-00A0C91BC942}") = "zad_5", "zad_5\zad_5.vcxproj", "{E9870B6A-FF03-4896-9040-0958BBC60158}"
EndProject
Project("{8BC9CEB8-8B4A-11D0-8D11-00A0C91BC942}") = "zad_6", "zad_6\zad_6.vcxproj", "{D534069D-BDF7-415D-8133-E16C2EF7D4AD}"
EndProject
Project("{8BC9CEB8-8B4A-11D0-8D11-00A0C91BC942}") = "zad_7", "zad_7\zad_7.vcxproj", "{334CCE91-5709-41AE-BD7D-D6F65D3D0926}"
EndProject
Project("{8BC9CEB8-8B4A-11D0-8D11-00A0C91BC942}") = "zad_8", "zad_8\zad_8.vcxproj", "{4BD2A205-BCA4-488A-8C1B-67C4EDF73D02}"
EndProject
Project("{8BC9CEB8-8B4A-11D0-8D11-00A0C91BC942}") = "zad_9", "zad_9\zad_9.vcxproj", "{8E24E45E-C4E1-412E-B131-F9C7C5B17B2E}"
EndProject
Project("{8BC9CEB8-8B4A-11D0-8D11-00A0C91BC942}") = "zad_10", "zad_10\zad_10.vcxproj", "{48C96B9D-9B16-459D-B475-AAAB50EFA5C9}"
EndProject
Project("{8BC9CEB8-8B4A-11D0-8D11-00A0C91BC942}") = "brudnopis", "brudnopis\brudnopis.vcxproj", "{5130EA9C-0E69-4F25-8BAE-96F4E299E163}"
EndProject
Project("{8BC9CEB8-8B4A-11D0-8D11-00A0C91BC942}") = "zad_13", "zad_13\zad_13.vcxproj", "{4BE4CF18-B540-469A-9181-E4183119C69B}"
EndProject
Project("{8BC9CEB8-8B4A-11D0-8D11-00A0C91BC942}") = "zad_12", "zad_12\zad_12.vcxproj", "{33E369B7-270E-4646-A983-7D52F278A16D}"
EndProject
Project("{8BC9CEB8-8B4A-11D0-8D11-00A0C91BC942}") = "zad_11", "zad_11\zad_11.vcxproj", "{018E6837-1E7E-4443-AFD5-6F708661EEE0}"
EndProject
Global
	GlobalSection(SolutionConfigurationPlatforms) = preSolution
		Debug|x64 = Debug|x64
		Debug|x86 = Debug|x86
		Release|x64 = Release|x64
		Release|x86 = Release|x86
	EndGlobalSection
	GlobalSection(ProjectConfigurationPlatforms) = postSolution
		{69355EEB-B865-4AD5-AF47-89E007ED0828}.Debug|x64.ActiveCfg = Debug|x64
		{69355EEB-B865-4AD5-AF47-89E007ED0828}.Debug|x64.Build.0 = Debug|x64
		{69355EEB-B865-4AD5-AF47-89E007ED0828}.Debug|x86.ActiveCfg = Debug|Win32
		{69355EEB-B865-4AD5-AF47-89E007ED0828}.Debug|x86.Build.0 = Debug|Win32
		{69355EEB-B865-4AD5-AF47-89E007ED0828}.Release|x64.ActiveCfg = Release|x64
		{69355EEB-B865-4AD5-AF47-89E007ED0828}.Release|x64.Build.0 = Release|x64
		{69355EEB-B865-4AD5-AF47-89E007ED0828}.Release|x86.ActiveCfg = Release|Win32
		{69355EEB-B865-4AD5-AF47-89E007ED0828}.Release|x86.Build.0 = Release|Win32
		{4020D8CE-2AD5-418B-828A-9961CBCA1952}.Debug|x64.ActiveCfg = Debug|x64
		{4020D8CE-2AD5-418B-828A-9961CBCA1952}.Debug|x64.Build.0 = Debug|x64
		{4020D8CE-2AD5-418B-828A-9961CBCA1952}.Debug|x86.ActiveCfg = Debug|Win32
		{4020D8CE-2AD5-418B-828A-9961CBCA1952}.Debug|x86.Build.0 = Debug|Win32
		{4020D8CE-2AD5-418B-828A-9961CBCA1952}.Release|x64.ActiveCfg = Release|x64
		{4020D8CE-2AD5-418B-828A-9961CBCA1952}.Release|x64.Build.0 = Release|x64
		{4020D8CE-2AD5-418B-828A-9961CBCA1952}.Release|x86.ActiveCfg = Release|Win32
		{4020D8CE-2AD5-418B-828A-9961CBCA1952}.Release|x86.Build.0 = Release|Win32
		{7D95C968-1841-43D7-AEC0-261C308F7842}.Debug|x64.ActiveCfg = Debug|x64
		{7D95C968-1841-43D7-AEC0-261C308F7842}.Debug|x64.Build.0 = Debug|x64
		{7D95C968-1841-43D7-AEC0-261C308F7842}.Debug|x86.ActiveCfg = Debug|Win32
		{7D95C968-1841-43D7-AEC0-261C308F7842}.Debug|x86.Build.0 = Debug|Win32
		{7D95C968-1841-43D7-AEC0-261C308F7842}.Release|x64.ActiveCfg = Release|x64
		{7D95C968-1841-43D7-AEC0-261C308F7842}.Release|x64.Build.0 = Release|x64
		{7D95C968-1841-43D7-AEC0-261C308F7842}.Release|x86.ActiveCfg = Release|Win32
		{7D95C968-1841-43D7-AEC0-261C308F7842}.Release|x86.Build.0 = Release|Win32
		{BFD62AA3-4A62-4789-AD43-D1FADC01EEE5}.Debug|x64.ActiveCfg = Debug|x64
		{BFD62AA3-4A62-4789-AD43-D1FADC01EEE5}.Debug|x64.Build.0 = Debug|x64
		{BFD62AA3-4A62-4789-AD43-D1FADC01EEE5}.Debug|x86.ActiveCfg = Debug|Win32
		{BFD62AA3-4A62-4789-AD43-D1FADC01EEE5}.Debug|x86.Build.0 = Debug|Win32
		{BFD62AA3-4A62-4789-AD43-D1FADC01EEE5}.Release|x64.ActiveCfg = Release|x64
		{BFD62AA3-4A62-4789-AD43-D1FADC01EEE5}.Release|x64.Build.0 = Release|x64
		{BFD62AA3-4A62-4789-AD43-D1FADC01EEE5}.Release|x86.ActiveCfg = Release|Win32
		{BFD62AA3-4A62-4789-AD43-D1FADC01EEE5}.Release|x86.Build.0 = Release|Win32
		{6EE3D221-7D8E-480C-A7EA-5E3051268E6D}.Debug|x64.ActiveCfg = Debug|x64
		{6EE3D221-7D8E-480C-A7EA-5E3051268E6D}.Debug|x64.Build.0 = Debug|x64
		{6EE3D221-7D8E-480C-A7EA-5E3051268E6D}.Debug|x86.ActiveCfg = Debug|Win32
		{6EE3D221-7D8E-480C-A7EA-5E3051268E6D}.Debug|x86.Build.0 = Debug|Win32
		{6EE3D221-7D8E-480C-A7EA-5E3051268E6D}.Release|x64.ActiveCfg = Release|x64
		{6EE3D221-7D8E-480C-A7EA-5E3051268E6D}.Release|x64.Build.0 = Release|x64
		{6EE3D221-7D8E-480C-A7EA-5E3051268E6D}.Release|x86.ActiveCfg = Release|Win32
		{6EE3D221-7D8E-480C-A7EA-5E3051268E6D}.Release|x86.Build.0 = Release|Win32
		{E9870B6A-FF03-4896-9040-0958BBC60158}.Debug|x64.ActiveCfg = Debug|x64
		{E9870B6A-FF03-4896-9040-0958BBC60158}.Debug|x64.Build.0 = Debug|x64
		{E9870B6A-FF03-4896-9040-0958BBC60158}.Debug|x86.ActiveCfg = Debug|Win32
		{E9870B6A-FF03-4896-9040-0958BBC60158}.Debug|x86.Build.0 = Debug|Win32
		{E9870B6A-FF03-4896-9040-0958BBC60158}.Release|x64.ActiveCfg = Release|x64
		{E9870B6A-FF03-4896-9040-0958BBC60158}.Release|x64.Build.0 = Release|x64
		{E9870B6A-FF03-4896-9040-0958BBC60158}.Release|x86.ActiveCfg = Release|Win32
		{E9870B6A-FF03-4896-9040-0958BBC60158}.Release|x86.Build.0 = Release|Win32
		{D534069D-BDF7-415D-8133-E16C2EF7D4AD}.Debug|x64.ActiveCfg = Debug|x64
		{D534069D-BDF7-415D-8133-E16C2EF7D4AD}.Debug|x64.Build.0 = Debug|x64
		{D534069D-BDF7-415D-8133-E16C2EF7D4AD}.Debug|x86.ActiveCfg = Debug|Win32
		{D534069D-BDF7-415D-8133-E16C2EF7D4AD}.Debug|x86.Build.0 = Debug|Win32
		{D534069D-BDF7-415D-8133-E16C2EF7D4AD}.Release|x64.ActiveCfg = Release|x64
		{D534069D-BDF7-415D-8133-E16C2EF7D4AD}.Release|x64.Build.0 = Release|x64
		{D534069D-BDF7-415D-8133-E16C2EF7D4AD}.Release|x86.ActiveCfg = Release|Win32
		{D534069D-BDF7-415D-8133-E16C2EF7D4AD}.Release|x86.Build.0 = Release|Win32
		{334CCE91-5709-41AE-BD7D-D6F65D3D0926}.Debug|x64.ActiveCfg = Debug|x64
		{334CCE91-5709-41AE-BD7D-D6F65D3D0926}.Debug|x64.Build.0 = Debug|x64
		{334CCE91-5709-41AE-BD7D-D6F65D3D0926}.Debug|x86.ActiveCfg = Debug|Win32
		{334CCE91-5709-41AE-BD7D-D6F65D3D0926}.Debug|x86.Build.0 = Debug|Win32
		{334CCE91-5709-41AE-BD7D-D6F65D3D0926}.Release|x64.ActiveCfg = Release|x64
		{334CCE91-5709-41AE-BD7D-D6F65D3D0926}.Release|x64.Build.0 = Release|x64
		{334CCE91-5709-41AE-BD7D-D6F65D3D0926}.Release|x86.ActiveCfg = Release|Win32
		{334CCE91-5709-41AE-BD7D-D6F65D3D0926}.Release|x86.Build.0 = Release|Win32
		{4BD2A205-BCA4-488A-8C1B-67C4EDF73D02}.Debug|x64.ActiveCfg = Debug|x64
		{4BD2A205-BCA4-488A-8C1B-67C4EDF73D02}.Debug|x64.Build.0 = Debug|x64
		{4BD2A205-BCA4-488A-8C1B-67C4EDF73D02}.Debug|x86.ActiveCfg = Debug|Win32
		{4BD2A205-BCA4-488A-8C1B-67C4EDF73D02}.Debug|x86.Build.0 = Debug|Win32
		{4BD2A205-BCA4-488A-8C1B-67C4EDF73D02}.Release|x64.ActiveCfg = Release|x64
		{4BD2A205-BCA4-488A-8C1B-67C4EDF73D02}.Release|x64.Build.0 = Release|x64
		{4BD2A205-BCA4-488A-8C1B-67C4EDF73D02}.Release|x86.ActiveCfg = Release|Win32
		{4BD2A205-BCA4-488A-8C1B-67C4EDF73D02}.Release|x86.Build.0 = Release|Win32
		{8E24E45E-C4E1-412E-B131-F9C7C5B17B2E}.Debug|x64.ActiveCfg = Debug|x64
		{8E24E45E-C4E1-412E-B131-F9C7C5B17B2E}.Debug|x64.Build.0 = Debug|x64
		{8E24E45E-C4E1-412E-B131-F9C7C5B17B2E}.Debug|x86.ActiveCfg = Debug|Win32
		{8E24E45E-C4E1-412E-B131-F9C7C5B17B2E}.Debug|x86.Build.0 = Debug|Win32
		{8E24E45E-C4E1-412E-B131-F9C7C5B17B2E}.Release|x64.ActiveCfg = Release|x64
		{8E24E45E-C4E1-412E-B131-F9C7C5B17B2E}.Release|x64.Build.0 = Release|x64
		{8E24E45E-C4E1-412E-B131-F9C7C5B17B2E}.Release|x86.ActiveCfg = Release|Win32
		{8E24E45E-C4E1-412E-B131-F9C7C5B17B2E}.Release|x86.Build.0 = Release|Win32
		{48C96B9D-9B16-459D-B475-AAAB50EFA5C9}.Debug|x64.ActiveCfg = Debug|x64
		{48C96B9D-9B16-459D-B475-AAAB50EFA5C9}.Debug|x64.Build.0 = Debug|x64
		{48C96B9D-9B16-459D-B475-AAAB50EFA5C9}.Debug|x86.ActiveCfg = Debug|Win32
		{48C96B9D-9B16-459D-B475-AAAB50EFA5C9}.Debug|x86.Build.0 = Debug|Win32
		{48C96B9D-9B16-459D-B475-AAAB50EFA5C9}.Release|x64.ActiveCfg = Release|x64
		{48C96B9D-9B16-459D-B475-AAAB50EFA5C9}.Release|x64.Build.0 = Release|x64
		{48C96B9D-9B16-459D-B475-AAAB50EFA5C9}.Release|x86.ActiveCfg = Release|Win32
		{48C96B9D-9B16-459D-B475-AAAB50EFA5C9}.Release|x86.Build.0 = Release|Win32
		{5130EA9C-0E69-4F25-8BAE-96F4E299E163}.Debug|x64.ActiveCfg = Debug|x64
		{5130EA9C-0E69-4F25-8BAE-96F4E299E163}.Debug|x64.Build.0 = Debug|x64
		{5130EA9C-0E69-4F25-8BAE-96F4E299E163}.Debug|x86.ActiveCfg = Debug|Win32
		{5130EA9C-0E69-4F25-8BAE-96F4E299E163}.Debug|x86.Build.0 = Debug|Win32
		{5130EA9C-0E69-4F25-8BAE-96F4E299E163}.Release|x64.ActiveCfg = Release|x64
		{5130EA9C-0E69-4F25-8BAE-96F4E299E163}.Release|x64.Build.0 = Release|x64
		{5130EA9C-0E69-4F25-8BAE-96F4E299E163}.Release|x86.ActiveCfg = Release|Win32
		{5130EA9C-0E69-4F25-8BAE-96F4E299E163}.Release|x86.Build.0 = Release|Win32
		{4BE4CF18-B540-469A-9181-E4183119C69B}.Debug|x64.ActiveCfg = Debug|x64
		{4BE4CF18-B540-469A-9181-E4183119C69B}.Debug|x64.Build.0 = Debug|x64
		{4BE4CF18-B540-469A-9181-E4183119C69B}.Debug|x86.ActiveCfg = Debug|Win32
		{4BE4CF18-B540-469A-9181-E4183119C69B}.Debug|x86.Build.0 = Debug|Win32
		{4BE4CF18-B540-469A-9181-E4183119C69B}.Release|x64.ActiveCfg = Release|x64
		{4BE4CF18-B540-469A-9181-E4183119C69B}.Release|x64.Build.0 = Release|x64
		{4BE4CF18-B540-469A-9181-E4183119C69B}.Release|x86.ActiveCfg = Release|Win32
		{4BE4CF18-B540-469A-9181-E4183119C69B}.Release|x86.Build.0 = Release|Win32
		{33E369B7-270E-4646-A983-7D52F278A16D}.Debug|x64.ActiveCfg = Debug|x64
		{33E369B7-270E-4646-A983-7D52F278A16D}.Debug|x64.Build.0 = Debug|x64
		{33E369B7-270E-4646-A983-7D52F278A16D}.Debug|x86.ActiveCfg = Debug|Win32
		{33E369B7-270E-4646-A983-7D52F278A16D}.Debug|x86.Build.0 = Debug|Win32
		{33E369B7-270E-4646-A983-7D52F278A16D}.Release|x64.ActiveCfg = Release|x64
		{33E369B7-270E-4646-A983-7D52F278A16D}.Release|x64.Build.0 = Release|x64
		{33E369B7-270E-4646-A983-7D52F278A16D}.Release|x86.ActiveCfg = Release|Win32
		{33E369B7-270E-4646-A983-7D52F278A16D}.Release|x86.Build.0 = Release|Win32
		{018E6837-1E7E-4443-AFD5-6F708661EEE0}.Debug|x64.ActiveCfg = Debug|x64
		{018E6837-1E7E-4443-AFD5-6F708661EEE0}.Debug|x64.Build.0 = Debug|x64
		{018E6837-1E7E-4443-AFD5-6F708661EEE0}.Debug|x86.ActiveCfg = Debug|Win32
		{018E6837-1E7E-4443-AFD5-6F708661EEE0}.Debug|x86.Build.0 = Debug|Win32
		{018E6837-1E7E-4443-AFD5-6F708661EEE0}.Release|x64.ActiveCfg = Release|x64
		{018E6837-1E7E-4443-AFD5-6F708661EEE0}.Release|x64.Build.0 = Release|x64
		{018E6837-1E7E-4443-AFD5-6F708661EEE0}.Release|x86.ActiveCfg = Release|Win32
		{018E6837-1E7E-4443-AFD5-6F708661EEE0}.Release|x86.Build.0 = Release|Win32
	EndGlobalSection
	GlobalSection(SolutionProperties) = preSolution
		HideSolutionNode = FALSE
	EndGlobalSection
	GlobalSection(ExtensibilityGlobals) = postSolution
		SolutionGuid = {8EDD39B7-41A6-4309-9A6A-FF6F5496F79B}
	EndGlobalSection
EndGlobal
